
Microsoft Visual Studio Solution File, Format Version 12.00
# Visual Studio Version 17
VisualStudioVersion = 17.6.33829.357
MinimumVisualStudioVersion = 10.0.40219.1
Project("{9A19103F-16F7-4668-BE54-9A1E7A4F7556}") = "ConfigTool", "ConfigTool.csproj", "{22F9BE75-A442-4D0D-928B-84880CF47D4B}"
EndProject
Project("{2150E333-8FDC-42A3-9474-1A3956D46DE8}") = "Solution Items", "Solution Items", "{94F2823E-EA3D-48A3-9ACA-08D4645E5113}"
	ProjectSection(SolutionItems) = preProject
		.editorconfig = .editorconfig
	EndProjectSection
EndProject
Global
	GlobalSection(SolutionConfigurationPlatforms) = preSolution
		Debug|Any CPU = Debug|Any CPU
		Release|Any CPU = Release|Any CPU
	EndGlobalSection
	GlobalSection(ProjectConfigurationPlatforms) = postSolution
		{22F9BE75-A442-4D0D-928B-84880CF47D4B}.Debug|Any CPU.ActiveCfg = Debug|Any CPU
		{22F9BE75-A442-4D0D-928B-84880CF47D4B}.Debug|Any CPU.Build.0 = Debug|Any CPU
		{22F9BE75-A442-4D0D-928B-84880CF47D4B}.Release|Any CPU.ActiveCfg = Release|Any CPU
		{22F9BE75-A442-4D0D-928B-84880CF47D4B}.Release|Any CPU.Build.0 = Release|Any CPU
	EndGlobalSection
	GlobalSection(SolutionProperties) = preSolution
		HideSolutionNode = FALSE
	EndGlobalSection
	GlobalSection(ExtensibilityGlobals) = postSolution
		SolutionGuid = {AFE6674E-6B06-4F42-BD3A-739F244DDC0D}
	EndGlobalSection
EndGlobal
